
Microsoft Visual Studio Solution File, Format Version 12.00
# Visual Studio Version 16
VisualStudioVersion = 16.0.31410.357
MinimumVisualStudioVersion = 10.0.40219.1
Project("{2150E333-8FDC-42A3-9474-1A3956D46DE8}") = "Configuration", "Configuration", "{7FDF2905-9D4C-47D3-A560-B733E0B50463}"
EndProject
Project("{2150E333-8FDC-42A3-9474-1A3956D46DE8}") = "Foundation", "Foundation", "{C599E90E-5FF4-479C-A168-0DF0155E5D89}"
EndProject
Project("{2150E333-8FDC-42A3-9474-1A3956D46DE8}") = "Feature", "Feature", "{FEACA531-BA10-4DA3-BCB7-EC6D6C104445}"
EndProject
Project("{2150E333-8FDC-42A3-9474-1A3956D46DE8}") = "Project", "Project", "{6B7ACB75-B02A-48F1-ACD3-7E8E2D13FFCA}"
EndProject
Project("{FAE04EC0-301F-11D3-BF4B-00C04F79EFBC}") = "Training.Project.Demo", "src\Project\Demo\website\Training.Project.Demo.csproj", "{EF0BF961-B3B4-498A-AA3D-282F5918EB6D}"
EndProject
Global
	GlobalSection(SolutionConfigurationPlatforms) = preSolution
		Debug|Any CPU = Debug|Any CPU
		Release|Any CPU = Release|Any CPU
	EndGlobalSection
	GlobalSection(ProjectConfigurationPlatforms) = postSolution
		{EF0BF961-B3B4-498A-AA3D-282F5918EB6D}.Debug|Any CPU.ActiveCfg = Debug|Any CPU
		{EF0BF961-B3B4-498A-AA3D-282F5918EB6D}.Debug|Any CPU.Build.0 = Debug|Any CPU
		{EF0BF961-B3B4-498A-AA3D-282F5918EB6D}.Release|Any CPU.ActiveCfg = Release|Any CPU
		{EF0BF961-B3B4-498A-AA3D-282F5918EB6D}.Release|Any CPU.Build.0 = Release|Any CPU
	EndGlobalSection
	GlobalSection(SolutionProperties) = preSolution
		HideSolutionNode = FALSE
	EndGlobalSection
	GlobalSection(NestedProjects) = preSolution
		{EF0BF961-B3B4-498A-AA3D-282F5918EB6D} = {6B7ACB75-B02A-48F1-ACD3-7E8E2D13FFCA}
	EndGlobalSection
	GlobalSection(ExtensibilityGlobals) = postSolution
		SolutionGuid = {5CD0B19E-B29A-49DF-B81C-937159405439}
	EndGlobalSection
EndGlobal
